
Microsoft Visual Studio Solution File, Format Version 12.00
# Visual Studio Version 16
VisualStudioVersion = 16.0.31205.134
MinimumVisualStudioVersion = 10.0.40219.1
Project("{FAE04EC0-301F-11D3-BF4B-00C04F79EFBC}") = "TensorFlowNET-Keras", "TensorFlowNET-Keras.csproj", "{FCE632F6-560C-4B8B-8BD7-A9177A77A20B}"
EndProject
Global
	GlobalSection(SolutionConfigurationPlatforms) = preSolution
		Debug|Any CPU = Debug|Any CPU
		Release|Any CPU = Release|Any CPU
	EndGlobalSection
	GlobalSection(ProjectConfigurationPlatforms) = postSolution
		{FCE632F6-560C-4B8B-8BD7-A9177A77A20B}.Debug|Any CPU.ActiveCfg = Debug|Any CPU
		{FCE632F6-560C-4B8B-8BD7-A9177A77A20B}.Debug|Any CPU.Build.0 = Debug|Any CPU
		{FCE632F6-560C-4B8B-8BD7-A9177A77A20B}.Release|Any CPU.ActiveCfg = Release|Any CPU
		{FCE632F6-560C-4B8B-8BD7-A9177A77A20B}.Release|Any CPU.Build.0 = Release|Any CPU
	EndGlobalSection
	GlobalSection(SolutionProperties) = preSolution
		HideSolutionNode = FALSE
	EndGlobalSection
	GlobalSection(ExtensibilityGlobals) = postSolution
		SolutionGuid = {6855CFAC-CD98-45C4-9817-B0B4E37DF5C7}
	EndGlobalSection
EndGlobal
